
Microsoft Visual Studio Solution File, Format Version 12.00
# Visual Studio Version 16
VisualStudioVersion = 16.0.30804.86
MinimumVisualStudioVersion = 10.0.40219.1
Project("{FAE04EC0-301F-11D3-BF4B-00C04F79EFBC}") = "ClassMetotDemo", "ClassMetotDemo\ClassMetotDemo.csproj", "{89EB63DF-E4BA-4D5D-A990-09FDB95C126F}"
EndProject
Global
	GlobalSection(SolutionConfigurationPlatforms) = preSolution
		Debug|Any CPU = Debug|Any CPU
		Release|Any CPU = Release|Any CPU
	EndGlobalSection
	GlobalSection(ProjectConfigurationPlatforms) = postSolution
		{89EB63DF-E4BA-4D5D-A990-09FDB95C126F}.Debug|Any CPU.ActiveCfg = Debug|Any CPU
		{89EB63DF-E4BA-4D5D-A990-09FDB95C126F}.Debug|Any CPU.Build.0 = Debug|Any CPU
		{89EB63DF-E4BA-4D5D-A990-09FDB95C126F}.Release|Any CPU.ActiveCfg = Release|Any CPU
		{89EB63DF-E4BA-4D5D-A990-09FDB95C126F}.Release|Any CPU.Build.0 = Release|Any CPU
	EndGlobalSection
	GlobalSection(SolutionProperties) = preSolution
		HideSolutionNode = FALSE
	EndGlobalSection
	GlobalSection(ExtensibilityGlobals) = postSolution
		SolutionGuid = {DA0C0334-DE3E-4CF8-82AE-3CB0D9CDF321}
	EndGlobalSection
EndGlobal
